# THIS IS AN AUTOGENERATED FILE. DO NOT EDIT THIS FILE DIRECTLY.
# yarn lockfile v1


"@types/node@^10.12.19":
  version "10.12.19"
  resolved "https://registry.yarnpkg.com/@types/node/-/node-10.12.19.tgz#ca1018c26be01f07e66ac7fefbeb6407e4490c61"
  integrity sha512-2NVovndCjJQj6fUUn9jCgpP4WSqr+u1SoUZMZyJkhGeBFsm6dE46l31S7lPUYt9uQ28XI+ibrJA1f5XyH5HNtA==

argparse@^1.0.7:
  version "1.0.10"
  resolved "https://registry.yarnpkg.com/argparse/-/argparse-1.0.10.tgz#bcd6791ea5ae09725e17e5ad988134cd40b3d911"
  integrity sha512-o5Roy6tNG4SL/FOkCAN6RzjiakZS25RLYFrcMttJqbdd8BWrnA+fGz57iN5Pb06pvBGvl5gQ0B48dJlslXvoTg==
  dependencies:
    sprintf-js "~1.0.2"

co@4.6.0:
  version "4.6.0"
  resolved "https://registry.yarnpkg.com/co/-/co-4.6.0.tgz#6ea6bdf3d853ae54ccb8e47bfa0bf3f9031fb184"
  integrity sha1-bqa989hTrlTMuOR7+gvz+QMfsYQ=

esprima@^4.0.0:
  version "4.0.1"
  resolved "https://registry.yarnpkg.com/esprima/-/esprima-4.0.1.tgz#13b04cdb3e6c5d19df91ab6987a8695619b0aa71"
  integrity sha512-eGuFFw7Upda+g4p+QHvnW0RyTX/SVeJBDM/gCtMARO0cLuT2HcEKnTPvhjV6aGeqrCB/sbNop0Kszm0jsaWU4A==

js-yaml@3.9.1:
  version "3.9.1"
  resolved "https://registry.yarnpkg.com/js-yaml/-/js-yaml-3.9.1.tgz#08775cebdfdd359209f0d2acd383c8f86a6904a0"
  integrity sha512-CbcG379L1e+mWBnLvHWWeLs8GyV/EMw862uLI3c+GxVyDHWZcjZinwuBd3iW2pgxgIlksW/1vNJa4to+RvDOww==
  dependencies:
    argparse "^1.0.7"
    esprima "^4.0.0"

junk@2.1.0:
  version "2.1.0"
  resolved "https://registry.yarnpkg.com/junk/-/junk-2.1.0.tgz#f431b4b7f072dc500a5f10ce7f4ec71930e70134"
  integrity sha1-9DG0t/By3FAKXxDOf07HGTDnATQ=

mandarina-server@latest:
  version "0.3.1"
  resolved "https://registry.yarnpkg.com/mandarina-server/-/mandarina-server-0.3.1.tgz#b76fe277c2ad49d2177136e925b42068a5fde526"
  integrity sha512-RQL8vZacfFfkrk4+u1oDN0tx7lGp/OvVc4I5oGvk9IeABXFWaU3H5rG+MixW2Ij4tXSqbZ7aTOlrh0QYnYq7cQ==

node-yaml@^3.1.1:
  version "3.1.1"
  resolved "https://registry.yarnpkg.com/node-yaml/-/node-yaml-3.1.1.tgz#4f93d0aa97475530bc00db03564dfde9c6c5691b"
  integrity sha512-gjPv+9gUi79GqsLRWACzIIZdGJBUVHm8CDT2QFMNtK2Oge1hWdRneYt/+F7ViKvoqniMwa4BhvhYbn0J4BdiIg==
  dependencies:
    co "4.6.0"
    js-yaml "3.9.1"
    junk "2.1.0"
    promise-fs "1.2.3"

pify@2.3.0:
  version "2.3.0"
  resolved "https://registry.yarnpkg.com/pify/-/pify-2.3.0.tgz#ed141a6ac043a849ea588498e7dca8b15330e90c"
  integrity sha1-7RQaasBDqEnqWISY59yosVMw6Qw=

pinkie-promise@2.0.1:
  version "2.0.1"
  resolved "https://registry.yarnpkg.com/pinkie-promise/-/pinkie-promise-2.0.1.tgz#2135d6dfa7a358c069ac9b178776288228450ffa"
  integrity sha1-ITXW36ejWMBprJsXh3YogihFD/o=
  dependencies:
    pinkie "^2.0.0"

pinkie@^2.0.0:
  version "2.0.4"
  resolved "https://registry.yarnpkg.com/pinkie/-/pinkie-2.0.4.tgz#72556b80cfa0d48a974e80e77248e80ed4f7f870"
  integrity sha1-clVrgM+g1IqXToDnckjoDtT3+HA=

promise-fs@1.2.3:
  version "1.2.3"
  resolved "https://registry.yarnpkg.com/promise-fs/-/promise-fs-1.2.3.tgz#402410f92edd8c3978ee5552369f1c5bebccfc22"
  integrity sha1-QCQQ+S7djDl47lVSNp8cW+vM/CI=
  dependencies:
    pify "2.3.0"
    pinkie-promise "2.0.1"

sprintf-js@~1.0.2:
  version "1.0.3"
  resolved "https://registry.yarnpkg.com/sprintf-js/-/sprintf-js-1.0.3.tgz#04e6926f662895354f3dd015203633b857297e2c"
  integrity sha1-BOaSb2YolTVPPdAVIDYzuFcpfiw=
